github.com/basvanbeek/multierror v0.1.0 h1:6migTZeJc2eCXAKDCxHajff5cFRCwchbLX3V5Lqd9js=
github.com/basvanbeek/multierror v0.1.0/go.mod h1:fZPpiTy/Rf3NRi9GOxFgzS0s0zT/GrewfETN+B02dQw=
github.com/basvanbeek/run v0.2.0 h1:/a+ZObMT66SxHZxinzUBgrQXiOzdGpAFn+nxKT6CdHc=
github.com/basvanbeek/run v0.2.0/go.mod h1:DtEGLL/7jnK5q0VMxsGrbqSMQdJhxxT8EimqaA1Q79M=
github.com/basvanbeek/telemetry v0.2.0 h1:IGHnjYFhkqT24e3P+6SQVjXPL9TXh1OfVd8xOcoZa2E=
github.com/basvanbeek/telemetry v0.2.0/go.mod h1:FvTISBO7VxFPzSzJKo91sIDnvCawZ9f83wY+13wd9W0=
github.com/hashicorp/errwrap v1.1.0 h1:OxrOeh75EUXMY8TBjag2fzXGZ40LB6IKw45YeGUDY2I=
github.com/hashicorp/errwrap v1.1.0/go.mod h1:YH+1FKiLXxHSkmPseP+kNlulaMuP3n2brvKWEqk/Jc4=
github.com/logrusorgru/aurora v2.0.3+incompatible h1:tOpm7WcpBTn4fjmVfgpQq0EfczGlG91VSDkswnjF5A8=
github.com/logrusorgru/aurora v2.0.3+incompatible/go.mod h1:7rIyQOR62GCctdiQpZ/zOJlFyk6y+94wXzv6RNZgaR4=
github.com/spf13/pflag v1.0.6 h1:jFzHGLGAlb3ruxLB8MhbI6A8+AQX/2eW4qeyNZXNp2o=
github.com/spf13/pflag v1.0.6/go.mod h1:McXfInJRrz4CZXVZOBLb0bTZqETkiAhM9Iw0y3An2Bg=
